
Microsoft Visual Studio Solution File, Format Version 12.00
# Visual Studio 15
VisualStudioVersion = 15.0.27703.2042
MinimumVisualStudioVersion = 10.0.40219.1
Project("{FAE04EC0-301F-11D3-BF4B-00C04F79EFBC}") = "EnemySpawnRate", "EnemySpawnRate\EnemySpawnRate.csproj", "{C164F449-1CD2-480C-BB16-74B79632514F}"
EndProject
Global
	GlobalSection(SolutionConfigurationPlatforms) = preSolution
		Debug|Any CPU = Debug|Any CPU
		Release|Any CPU = Release|Any CPU
	EndGlobalSection
	GlobalSection(ProjectConfigurationPlatforms) = postSolution
		{C164F449-1CD2-480C-BB16-74B79632514F}.Debug|Any CPU.ActiveCfg = Debug|Any CPU
		{C164F449-1CD2-480C-BB16-74B79632514F}.Debug|Any CPU.Build.0 = Debug|Any CPU
		{C164F449-1CD2-480C-BB16-74B79632514F}.Release|Any CPU.ActiveCfg = Release|Any CPU
		{C164F449-1CD2-480C-BB16-74B79632514F}.Release|Any CPU.Build.0 = Release|Any CPU
	EndGlobalSection
	GlobalSection(SolutionProperties) = preSolution
		HideSolutionNode = FALSE
	EndGlobalSection
	GlobalSection(ExtensibilityGlobals) = postSolution
		SolutionGuid = {8B67E275-C69B-4DF9-8035-4B6E3B514462}
	EndGlobalSection
EndGlobal
